
Microsoft Visual Studio Solution File, Format Version 12.00
# Visual Studio Version 17
VisualStudioVersion = 17.6.33801.468
MinimumVisualStudioVersion = 10.0.40219.1
Project("{8BC9CEB8-8B4A-11D0-8D11-00A0C91BC942}") = "ErrorCode", "WindowsViaCCpp\WindowsViaCCpp.vcxproj", "{08C5495F-1A7D-4076-B328-CB8E0CCA598D}"
EndProject
Project("{8BC9CEB8-8B4A-11D0-8D11-00A0C91BC942}") = "createThread", "createThread\createThread.vcxproj", "{46E866E3-F201-4BB4-8FDD-3BD9CD1E365A}"
EndProject
Project("{8BC9CEB8-8B4A-11D0-8D11-00A0C91BC942}") = "memcheck", "memcheck\memcheck.vcxproj", "{C7A255CD-40A0-4E8E-B645-B778250ED2DD}"
EndProject
Global
	GlobalSection(SolutionConfigurationPlatforms) = preSolution
		Debug|x64 = Debug|x64
		Debug|x86 = Debug|x86
		Release|x64 = Release|x64
		Release|x86 = Release|x86
	EndGlobalSection
	GlobalSection(ProjectConfigurationPlatforms) = postSolution
		{08C5495F-1A7D-4076-B328-CB8E0CCA598D}.Debug|x64.ActiveCfg = Debug|x64
		{08C5495F-1A7D-4076-B328-CB8E0CCA598D}.Debug|x64.Build.0 = Debug|x64
		{08C5495F-1A7D-4076-B328-CB8E0CCA598D}.Debug|x86.ActiveCfg = Debug|Win32
		{08C5495F-1A7D-4076-B328-CB8E0CCA598D}.Debug|x86.Build.0 = Debug|Win32
		{08C5495F-1A7D-4076-B328-CB8E0CCA598D}.Release|x64.ActiveCfg = Release|x64
		{08C5495F-1A7D-4076-B328-CB8E0CCA598D}.Release|x64.Build.0 = Release|x64
		{08C5495F-1A7D-4076-B328-CB8E0CCA598D}.Release|x86.ActiveCfg = Release|Win32
		{08C5495F-1A7D-4076-B328-CB8E0CCA598D}.Release|x86.Build.0 = Release|Win32
		{46E866E3-F201-4BB4-8FDD-3BD9CD1E365A}.Debug|x64.ActiveCfg = Debug|x64
		{46E866E3-F201-4BB4-8FDD-3BD9CD1E365A}.Debug|x64.Build.0 = Debug|x64
		{46E866E3-F201-4BB4-8FDD-3BD9CD1E365A}.Debug|x86.ActiveCfg = Debug|Win32
		{46E866E3-F201-4BB4-8FDD-3BD9CD1E365A}.Debug|x86.Build.0 = Debug|Win32
		{46E866E3-F201-4BB4-8FDD-3BD9CD1E365A}.Release|x64.ActiveCfg = Release|x64
		{46E866E3-F201-4BB4-8FDD-3BD9CD1E365A}.Release|x64.Build.0 = Release|x64
		{46E866E3-F201-4BB4-8FDD-3BD9CD1E365A}.Release|x86.ActiveCfg = Release|Win32
		{46E866E3-F201-4BB4-8FDD-3BD9CD1E365A}.Release|x86.Build.0 = Release|Win32
		{C7A255CD-40A0-4E8E-B645-B778250ED2DD}.Debug|x64.ActiveCfg = Debug|x64
		{C7A255CD-40A0-4E8E-B645-B778250ED2DD}.Debug|x64.Build.0 = Debug|x64
		{C7A255CD-40A0-4E8E-B645-B778250ED2DD}.Debug|x86.ActiveCfg = Debug|Win32
		{C7A255CD-40A0-4E8E-B645-B778250ED2DD}.Debug|x86.Build.0 = Debug|Win32
		{C7A255CD-40A0-4E8E-B645-B778250ED2DD}.Release|x64.ActiveCfg = Release|x64
		{C7A255CD-40A0-4E8E-B645-B778250ED2DD}.Release|x64.Build.0 = Release|x64
		{C7A255CD-40A0-4E8E-B645-B778250ED2DD}.Release|x86.ActiveCfg = Release|Win32
		{C7A255CD-40A0-4E8E-B645-B778250ED2DD}.Release|x86.Build.0 = Release|Win32
	EndGlobalSection
	GlobalSection(SolutionProperties) = preSolution
		HideSolutionNode = FALSE
	EndGlobalSection
	GlobalSection(ExtensibilityGlobals) = postSolution
		SolutionGuid = {24DC33F1-CE13-4495-AED7-88E43EA183E1}
	EndGlobalSection
EndGlobal
