
Microsoft Visual Studio Solution File, Format Version 12.00
# Visual Studio Version 17
VisualStudioVersion = 17.6.33801.468
MinimumVisualStudioVersion = 10.0.40219.1
Project("{8BC9CEB8-8B4A-11D0-8D11-00A0C91BC942}") = "DesignPen", "DesignProblems\DesignProblems.vcxproj", "{817E2BC5-B663-4DC4-909F-A71CADF9E4D2}"
EndProject
Project("{8BC9CEB8-8B4A-11D0-8D11-00A0C91BC942}") = "InstanceInContainer", "InstanceInContainer\InstanceInContainer.vcxproj", "{F7557C89-725F-4410-BB1E-22D7086EA5A2}"
EndProject
Project("{8BC9CEB8-8B4A-11D0-8D11-00A0C91BC942}") = "tictiactoe", "tictiactoe\tictiactoe.vcxproj", "{4957B6D6-AFEA-4B1C-8537-C682267DD9DE}"
EndProject
Project("{8BC9CEB8-8B4A-11D0-8D11-00A0C91BC942}") = "ParkingLot", "ParkingLot\ParkingLot.vcxproj", "{2593B5DA-4902-46FA-8D2E-9F4273144144}"
EndProject
Global
	GlobalSection(SolutionConfigurationPlatforms) = preSolution
		Debug|x64 = Debug|x64
		Debug|x86 = Debug|x86
		Release|x64 = Release|x64
		Release|x86 = Release|x86
	EndGlobalSection
	GlobalSection(ProjectConfigurationPlatforms) = postSolution
		{817E2BC5-B663-4DC4-909F-A71CADF9E4D2}.Debug|x64.ActiveCfg = Debug|x64
		{817E2BC5-B663-4DC4-909F-A71CADF9E4D2}.Debug|x64.Build.0 = Debug|x64
		{817E2BC5-B663-4DC4-909F-A71CADF9E4D2}.Debug|x86.ActiveCfg = Debug|Win32
		{817E2BC5-B663-4DC4-909F-A71CADF9E4D2}.Debug|x86.Build.0 = Debug|Win32
		{817E2BC5-B663-4DC4-909F-A71CADF9E4D2}.Release|x64.ActiveCfg = Release|x64
		{817E2BC5-B663-4DC4-909F-A71CADF9E4D2}.Release|x64.Build.0 = Release|x64
		{817E2BC5-B663-4DC4-909F-A71CADF9E4D2}.Release|x86.ActiveCfg = Release|Win32
		{817E2BC5-B663-4DC4-909F-A71CADF9E4D2}.Release|x86.Build.0 = Release|Win32
		{F7557C89-725F-4410-BB1E-22D7086EA5A2}.Debug|x64.ActiveCfg = Debug|x64
		{F7557C89-725F-4410-BB1E-22D7086EA5A2}.Debug|x64.Build.0 = Debug|x64
		{F7557C89-725F-4410-BB1E-22D7086EA5A2}.Debug|x86.ActiveCfg = Debug|Win32
		{F7557C89-725F-4410-BB1E-22D7086EA5A2}.Debug|x86.Build.0 = Debug|Win32
		{F7557C89-725F-4410-BB1E-22D7086EA5A2}.Release|x64.ActiveCfg = Release|x64
		{F7557C89-725F-4410-BB1E-22D7086EA5A2}.Release|x64.Build.0 = Release|x64
		{F7557C89-725F-4410-BB1E-22D7086EA5A2}.Release|x86.ActiveCfg = Release|Win32
		{F7557C89-725F-4410-BB1E-22D7086EA5A2}.Release|x86.Build.0 = Release|Win32
		{4957B6D6-AFEA-4B1C-8537-C682267DD9DE}.Debug|x64.ActiveCfg = Debug|x64
		{4957B6D6-AFEA-4B1C-8537-C682267DD9DE}.Debug|x64.Build.0 = Debug|x64
		{4957B6D6-AFEA-4B1C-8537-C682267DD9DE}.Debug|x86.ActiveCfg = Debug|Win32
		{4957B6D6-AFEA-4B1C-8537-C682267DD9DE}.Debug|x86.Build.0 = Debug|Win32
		{4957B6D6-AFEA-4B1C-8537-C682267DD9DE}.Release|x64.ActiveCfg = Release|x64
		{4957B6D6-AFEA-4B1C-8537-C682267DD9DE}.Release|x64.Build.0 = Release|x64
		{4957B6D6-AFEA-4B1C-8537-C682267DD9DE}.Release|x86.ActiveCfg = Release|Win32
		{4957B6D6-AFEA-4B1C-8537-C682267DD9DE}.Release|x86.Build.0 = Release|Win32
		{2593B5DA-4902-46FA-8D2E-9F4273144144}.Debug|x64.ActiveCfg = Debug|x64
		{2593B5DA-4902-46FA-8D2E-9F4273144144}.Debug|x64.Build.0 = Debug|x64
		{2593B5DA-4902-46FA-8D2E-9F4273144144}.Debug|x86.ActiveCfg = Debug|Win32
		{2593B5DA-4902-46FA-8D2E-9F4273144144}.Debug|x86.Build.0 = Debug|Win32
		{2593B5DA-4902-46FA-8D2E-9F4273144144}.Release|x64.ActiveCfg = Release|x64
		{2593B5DA-4902-46FA-8D2E-9F4273144144}.Release|x64.Build.0 = Release|x64
		{2593B5DA-4902-46FA-8D2E-9F4273144144}.Release|x86.ActiveCfg = Release|Win32
		{2593B5DA-4902-46FA-8D2E-9F4273144144}.Release|x86.Build.0 = Release|Win32
	EndGlobalSection
	GlobalSection(SolutionProperties) = preSolution
		HideSolutionNode = FALSE
	EndGlobalSection
	GlobalSection(ExtensibilityGlobals) = postSolution
		SolutionGuid = {66B1FAC6-8A34-4AEC-A8FB-C52872BFF5DD}
	EndGlobalSection
EndGlobal
